// !$*UTF8*$!
{
	archiveVersion = 1;
	classes = {
	};
	objectVersion = 48;
	objects = {

/* Begin PBXBuildFile section */
		FC067C8B2122135A009DE681 /* main.cpp in Sources */ = {isa = PBXBuildFile; fileRef = FC067C8A2122135A009DE681 /* main.cpp */; };
		FC067C912122139F009DE681 /* ImageBinarizer.cpp in Sources */ = {isa = PBXBuildFile; fileRef = FC067C8F2122139F009DE681 /* ImageBinarizer.cpp */; };
		FC067C9721221460009DE681 /* jpge.cpp in Sources */ = {isa = PBXBuildFile; fileRef = FC067C9521221460009DE681 /* jpge.cpp */; };
		FC067C9821221460009DE681 /* jpgd.cpp in Sources */ = {isa = PBXBuildFile; fileRef = FC067C9621221460009DE681 /* jpgd.cpp */; };
		FC067C9F2124C1BD009DE681 /* ThresholdFilter.cpp in Sources */ = {isa = PBXBuildFile; fileRef = FC067C9C2124C1BD009DE681 /* ThresholdFilter.cpp */; };
		FC067CA02124C1BD009DE681 /* AverageFilter.cpp in Sources */ = {isa = PBXBuildFile; fileRef = FC067C9D2124C1BD009DE681 /* AverageFilter.cpp */; };
		FC067CA32124CC1C009DE681 /* BradleyFilter.cpp in Sources */ = {isa = PBXBuildFile; fileRef = FC067CA12124CC1C009DE681 /* BradleyFilter.cpp */; };
/* End PBXBuildFile section */

/* Begin PBXCopyFilesBuildPhase section */
		FC067C7B21221230009DE681 /* CopyFiles */ = {
			isa = PBXCopyFilesBuildPhase;
			buildActionMask = 2147483647;
			dstPath = /usr/share/man/man1/;
			dstSubfolderSpec = 0;
			files = (
			);
			runOnlyForDeploymentPostprocessing = 1;
		};
/* End PBXCopyFilesBuildPhase section */

/* Begin PBXFileReference section */
		2FF42B5921256B77002ACB73 /* ImageBuffer.h */ = {isa = PBXFileReference; fileEncoding = 4; lastKnownFileType = sourcecode.c.h; path = ImageBuffer.h; sourceTree = "<group>"; };
		FC067C7D21221230009DE681 /* ImageBinarizer */ = {isa = PBXFileReference; explicitFileType = "compiled.mach-o.executable"; includeInIndex = 0; path = ImageBinarizer; sourceTree = BUILT_PRODUCTS_DIR; };
		FC067C8A2122135A009DE681 /* main.cpp */ = {isa = PBXFileReference; fileEncoding = 4; lastKnownFileType = sourcecode.cpp.cpp; path = main.cpp; sourceTree = "<group>"; };
		FC067C8F2122139F009DE681 /* ImageBinarizer.cpp */ = {isa = PBXFileReference; fileEncoding = 4; lastKnownFileType = sourcecode.cpp.cpp; path = ImageBinarizer.cpp; sourceTree = "<group>"; };
		FC067C902122139F009DE681 /* ImageBinarizer.h */ = {isa = PBXFileReference; fileEncoding = 4; lastKnownFileType = sourcecode.c.h; path = ImageBinarizer.h; sourceTree = "<group>"; };
		FC067C9321221460009DE681 /* jpgd.h */ = {isa = PBXFileReference; fileEncoding = 4; lastKnownFileType = sourcecode.c.h; path = jpgd.h; sourceTree = "<group>"; };
		FC067C9421221460009DE681 /* jpge.h */ = {isa = PBXFileReference; fileEncoding = 4; lastKnownFileType = sourcecode.c.h; path = jpge.h; sourceTree = "<group>"; };
		FC067C9521221460009DE681 /* jpge.cpp */ = {isa = PBXFileReference; fileEncoding = 4; lastKnownFileType = sourcecode.cpp.cpp; path = jpge.cpp; sourceTree = "<group>"; };
		FC067C9621221460009DE681 /* jpgd.cpp */ = {isa = PBXFileReference; fileEncoding = 4; lastKnownFileType = sourcecode.cpp.cpp; path = jpgd.cpp; sourceTree = "<group>"; };
		FC067C992124C1BD009DE681 /* IBinaryFilter.h */ = {isa = PBXFileReference; fileEncoding = 4; lastKnownFileType = sourcecode.c.h; path = IBinaryFilter.h; sourceTree = "<group>"; };
		FC067C9B2124C1BD009DE681 /* AverageFilter.h */ = {isa = PBXFileReference; fileEncoding = 4; lastKnownFileType = sourcecode.c.h; path = AverageFilter.h; sourceTree = "<group>"; };
		FC067C9C2124C1BD009DE681 /* ThresholdFilter.cpp */ = {isa = PBXFileReference; fileEncoding = 4; lastKnownFileType = sourcecode.cpp.cpp; path = ThresholdFilter.cpp; sourceTree = "<group>"; };
		FC067C9D2124C1BD009DE681 /* AverageFilter.cpp */ = {isa = PBXFileReference; fileEncoding = 4; lastKnownFileType = sourcecode.cpp.cpp; path = AverageFilter.cpp; sourceTree = "<group>"; };
		FC067C9E2124C1BD009DE681 /* ThresholdFilter.h */ = {isa = PBXFileReference; fileEncoding = 4; lastKnownFileType = sourcecode.c.h; path = ThresholdFilter.h; sourceTree = "<group>"; };
		FC067CA12124CC1C009DE681 /* BradleyFilter.cpp */ = {isa = PBXFileReference; fileEncoding = 4; lastKnownFileType = sourcecode.cpp.cpp; path = BradleyFilter.cpp; sourceTree = "<group>"; };
		FC067CA22124CC1C009DE681 /* BradleyFilter.h */ = {isa = PBXFileReference; fileEncoding = 4; lastKnownFileType = sourcecode.c.h; path = BradleyFilter.h; sourceTree = "<group>"; };
/* End PBXFileReference section */

/* Begin PBXFrameworksBuildPhase section */
		FC067C7A21221230009DE681 /* Frameworks */ = {
			isa = PBXFrameworksBuildPhase;
			buildActionMask = 2147483647;
			files = (
			);
			runOnlyForDeploymentPostprocessing = 0;
		};
/* End PBXFrameworksBuildPhase section */

/* Begin PBXGroup section */
		FC067C7421221230009DE681 = {
			isa = PBXGroup;
			children = (
				FC067C892122135A009DE681 /* Code */,
				FC067C7E21221230009DE681 /* Products */,
			);
			sourceTree = "<group>";
		};
		FC067C7E21221230009DE681 /* Products */ = {
			isa = PBXGroup;
			children = (
				FC067C7D21221230009DE681 /* ImageBinarizer */,
			);
			name = Products;
			sourceTree = "<group>";
		};
		FC067C892122135A009DE681 /* Code */ = {
			isa = PBXGroup;
			children = (
				2FF42B5921256B77002ACB73 /* ImageBuffer.h */,
				FC067C9A2124C1BD009DE681 /* Filters */,
				FC067C992124C1BD009DE681 /* IBinaryFilter.h */,
				FC067C9221221460009DE681 /* jpeg */,
				FC067C8F2122139F009DE681 /* ImageBinarizer.cpp */,
				FC067C902122139F009DE681 /* ImageBinarizer.h */,
				FC067C8A2122135A009DE681 /* main.cpp */,
			);
			path = Code;
			sourceTree = "<group>";
		};
		FC067C9221221460009DE681 /* jpeg */ = {
			isa = PBXGroup;
			children = (
				FC067C9321221460009DE681 /* jpgd.h */,
				FC067C9421221460009DE681 /* jpge.h */,
				FC067C9521221460009DE681 /* jpge.cpp */,
				FC067C9621221460009DE681 /* jpgd.cpp */,
			);
			path = jpeg;
			sourceTree = "<group>";
		};
		FC067C9A2124C1BD009DE681 /* Filters */ = {
			isa = PBXGroup;
			children = (
				FC067C9D2124C1BD009DE681 /* AverageFilter.cpp */,
				FC067C9B2124C1BD009DE681 /* AverageFilter.h */,
				FC067CA12124CC1C009DE681 /* BradleyFilter.cpp */,
				FC067CA22124CC1C009DE681 /* BradleyFilter.h */,
				FC067C9C2124C1BD009DE681 /* ThresholdFilter.cpp */,
				FC067C9E2124C1BD009DE681 /* ThresholdFilter.h */,
			);
			path = Filters;
			sourceTree = "<group>";
		};
/* End PBXGroup section */

/* Begin PBXNativeTarget section */
		FC067C7C21221230009DE681 /* ImageBinarizer */ = {
			isa = PBXNativeTarget;
			buildConfigurationList = FC067C8421221230009DE681 /* Build configuration list for PBXNativeTarget "ImageBinarizer" */;
			buildPhases = (
				FC067C7921221230009DE681 /* Sources */,
				FC067C7A21221230009DE681 /* Frameworks */,
				FC067C7B21221230009DE681 /* CopyFiles */,
			);
			buildRules = (
			);
			dependencies = (
			);
			name = ImageBinarizer;
			productName = ImageBinarizer;
			productReference = FC067C7D21221230009DE681 /* ImageBinarizer */;
			productType = "com.apple.product-type.tool";
		};
/* End PBXNativeTarget section */

/* Begin PBXProject section */
		FC067C7521221230009DE681 /* Project object */ = {
			isa = PBXProject;
			attributes = {
				LastUpgradeCheck = 0920;
				ORGANIZATIONNAME = msSoft;
				TargetAttributes = {
					FC067C7C21221230009DE681 = {
						CreatedOnToolsVersion = 9.2;
						ProvisioningStyle = Automatic;
					};
				};
			};
			buildConfigurationList = FC067C7821221230009DE681 /* Build configuration list for PBXProject "ImageBinarizer" */;
			compatibilityVersion = "Xcode 8.0";
			developmentRegion = en;
			hasScannedForEncodings = 0;
			knownRegions = (
				en,
			);
			mainGroup = FC067C7421221230009DE681;
			productRefGroup = FC067C7E21221230009DE681 /* Products */;
			projectDirPath = "";
			projectRoot = "";
			targets = (
				FC067C7C21221230009DE681 /* ImageBinarizer */,
			);
		};
/* End PBXProject section */

/* Begin PBXSourcesBuildPhase section */
		FC067C7921221230009DE681 /* Sources */ = {
			isa = PBXSourcesBuildPhase;
			buildActionMask = 2147483647;
			files = (
				FC067CA32124CC1C009DE681 /* BradleyFilter.cpp in Sources */,
				FC067C9F2124C1BD009DE681 /* ThresholdFilter.cpp in Sources */,
				FC067C912122139F009DE681 /* ImageBinarizer.cpp in Sources */,
				FC067C8B2122135A009DE681 /* main.cpp in Sources */,
				FC067C9821221460009DE681 /* jpgd.cpp in Sources */,
				FC067C9721221460009DE681 /* jpge.cpp in Sources */,
				FC067CA02124C1BD009DE681 /* AverageFilter.cpp in Sources */,
			);
			runOnlyForDeploymentPostprocessing = 0;
		};
/* End PBXSourcesBuildPhase section */

/* Begin XCBuildConfiguration section */
		FC067C8221221230009DE681 /* Debug */ = {
			isa = XCBuildConfiguration;
			buildSettings = {
				ALWAYS_SEARCH_USER_PATHS = NO;
				CLANG_ANALYZER_NONNULL = YES;
				CLANG_ANALYZER_NUMBER_OBJECT_CONVERSION = YES_AGGRESSIVE;
				CLANG_CXX_LANGUAGE_STANDARD = "gnu++14";
				CLANG_CXX_LIBRARY = "libc++";
				CLANG_ENABLE_MODULES = YES;
				CLANG_ENABLE_OBJC_ARC = YES;
				CLANG_WARN_BLOCK_CAPTURE_AUTORELEASING = YES;
				CLANG_WARN_BOOL_CONVERSION = YES;
				CLANG_WARN_COMMA = YES;
				CLANG_WARN_CONSTANT_CONVERSION = YES;
				CLANG_WARN_DIRECT_OBJC_ISA_USAGE = YES_ERROR;
				CLANG_WARN_DOCUMENTATION_COMMENTS = YES;
				CLANG_WARN_EMPTY_BODY = YES;
				CLANG_WARN_ENUM_CONVERSION = YES;
				CLANG_WARN_INFINITE_RECURSION = YES;
				CLANG_WARN_INT_CONVERSION = YES;
				CLANG_WARN_NON_LITERAL_NULL_CONVERSION = YES;
				CLANG_WARN_OBJC_LITERAL_CONVERSION = YES;
				CLANG_WARN_OBJC_ROOT_CLASS = YES_ERROR;
				CLANG_WARN_RANGE_LOOP_ANALYSIS = YES;
				CLANG_WARN_STRICT_PROTOTYPES = YES;
				CLANG_WARN_SUSPICIOUS_MOVE = YES;
				CLANG_WARN_UNGUARDED_AVAILABILITY = YES_AGGRESSIVE;
				CLANG_WARN_UNREACHABLE_CODE = YES;
				CLANG_WARN__DUPLICATE_METHOD_MATCH = YES;
				CODE_SIGN_IDENTITY = "Mac Developer";
				COPY_PHASE_STRIP = NO;
				DEBUG_INFORMATION_FORMAT = dwarf;
				ENABLE_STRICT_OBJC_MSGSEND = YES;
				ENABLE_TESTABILITY = YES;
				GCC_C_LANGUAGE_STANDARD = gnu11;
				GCC_DYNAMIC_NO_PIC = NO;
				GCC_NO_COMMON_BLOCKS = YES;
				GCC_OPTIMIZATION_LEVEL = 0;
				GCC_PREPROCESSOR_DEFINITIONS = (
					"DEBUG=1",
					"$(inherited)",
				);
				GCC_WARN_64_TO_32_BIT_CONVERSION = YES;
				GCC_WARN_ABOUT_RETURN_TYPE = YES_ERROR;
				GCC_WARN_UNDECLARED_SELECTOR = YES;
				GCC_WARN_UNINITIALIZED_AUTOS = YES_AGGRESSIVE;
				GCC_WARN_UNUSED_FUNCTION = YES;
				GCC_WARN_UNUSED_VARIABLE = YES;
				MACOSX_DEPLOYMENT_TARGET = 10.13;
				MTL_ENABLE_DEBUG_INFO = YES;
				ONLY_ACTIVE_ARCH = YES;
				SDKROOT = macosx;
			};
			name = Debug;
		};
		FC067C8321221230009DE681 /* Release */ = {
			isa = XCBuildConfiguration;
			buildSettings = {
				ALWAYS_SEARCH_USER_PATHS = NO;
				CLANG_ANALYZER_NONNULL = YES;
				CLANG_ANALYZER_NUMBER_OBJECT_CONVERSION = YES_AGGRESSIVE;
				CLANG_CXX_LANGUAGE_STANDARD = "gnu++14";
				CLANG_CXX_LIBRARY = "libc++";
				CLANG_ENABLE_MODULES = YES;
				CLANG_ENABLE_OBJC_ARC = YES;
				CLANG_WARN_BLOCK_CAPTURE_AUTORELEASING = YES;
				CLANG_WARN_BOOL_CONVERSION = YES;
				CLANG_WARN_COMMA = YES;
				CLANG_WARN_CONSTANT_CONVERSION = YES;
				CLANG_WARN_DIRECT_OBJC_ISA_USAGE = YES_ERROR;
				CLANG_WARN_DOCUMENTATION_COMMENTS = YES;
				CLANG_WARN_EMPTY_BODY = YES;
				CLANG_WARN_ENUM_CONVERSION = YES;
				CLANG_WARN_INFINITE_RECURSION = YES;
				CLANG_WARN_INT_CONVERSION = YES;
				CLANG_WARN_NON_LITERAL_NULL_CONVERSION = YES;
				CLANG_WARN_OBJC_LITERAL_CONVERSION = YES;
				CLANG_WARN_OBJC_ROOT_CLASS = YES_ERROR;
				CLANG_WARN_RANGE_LOOP_ANALYSIS = YES;
				CLANG_WARN_STRICT_PROTOTYPES = YES;
				CLANG_WARN_SUSPICIOUS_MOVE = YES;
				CLANG_WARN_UNGUARDED_AVAILABILITY = YES_AGGRESSIVE;
				CLANG_WARN_UNREACHABLE_CODE = YES;
				CLANG_WARN__DUPLICATE_METHOD_MATCH = YES;
				CODE_SIGN_IDENTITY = "Mac Developer";
				COPY_PHASE_STRIP = NO;
				DEBUG_INFORMATION_FORMAT = "dwarf-with-dsym";
				ENABLE_NS_ASSERTIONS = NO;
				ENABLE_STRICT_OBJC_MSGSEND = YES;
				GCC_C_LANGUAGE_STANDARD = gnu11;
				GCC_NO_COMMON_BLOCKS = YES;
				GCC_WARN_64_TO_32_BIT_CONVERSION = YES;
				GCC_WARN_ABOUT_RETURN_TYPE = YES_ERROR;
				GCC_WARN_UNDECLARED_SELECTOR = YES;
				GCC_WARN_UNINITIALIZED_AUTOS = YES_AGGRESSIVE;
				GCC_WARN_UNUSED_FUNCTION = YES;
				GCC_WARN_UNUSED_VARIABLE = YES;
				MACOSX_DEPLOYMENT_TARGET = 10.13;
				MTL_ENABLE_DEBUG_INFO = NO;
				SDKROOT = macosx;
			};
			name = Release;
		};
		FC067C8521221230009DE681 /* Debug */ = {
			isa = XCBuildConfiguration;
			buildSettings = {
				CODE_SIGN_STYLE = Automatic;
				DEVELOPMENT_TEAM = AEV59CGR6P;
				PRODUCT_NAME = "$(TARGET_NAME)";
			};
			name = Debug;
		};
		FC067C8621221230009DE681 /* Release */ = {
			isa = XCBuildConfiguration;
			buildSettings = {
				CODE_SIGN_STYLE = Automatic;
				DEVELOPMENT_TEAM = AEV59CGR6P;
				PRODUCT_NAME = "$(TARGET_NAME)";
			};
			name = Release;
		};
/* End XCBuildConfiguration section */

/* Begin XCConfigurationList section */
		FC067C7821221230009DE681 /* Build configuration list for PBXProject "ImageBinarizer" */ = {
			isa = XCConfigurationList;
			buildConfigurations = (
				FC067C8221221230009DE681 /* Debug */,
				FC067C8321221230009DE681 /* Release */,
			);
			defaultConfigurationIsVisible = 0;
			defaultConfigurationName = Release;
		};
		FC067C8421221230009DE681 /* Build configuration list for PBXNativeTarget "ImageBinarizer" */ = {
			isa = XCConfigurationList;
			buildConfigurations = (
				FC067C8521221230009DE681 /* Debug */,
				FC067C8621221230009DE681 /* Release */,
			);
			defaultConfigurationIsVisible = 0;
			defaultConfigurationName = Release;
		};
/* End XCConfigurationList section */
	};
	rootObject = FC067C7521221230009DE681 /* Project object */;
}
